
Microsoft Visual Studio Solution File, Format Version 12.00
# Visual Studio Version 16
VisualStudioVersion = 16.0.30804.86
MinimumVisualStudioVersion = 10.0.40219.1
Project("{8BC9CEB8-8B4A-11D0-8D11-00A0C91BC942}") = "Szakdolgozat_AWFRNE", "Szakdolgozat_AWFRNE.vcxproj", "{D9349155-B03D-4666-918B-C712C434E617}"
EndProject
Global
	GlobalSection(SolutionConfigurationPlatforms) = preSolution
		Debug|x64 = Debug|x64
		Release|x64 = Release|x64
	EndGlobalSection
	GlobalSection(ProjectConfigurationPlatforms) = postSolution
		{D9349155-B03D-4666-918B-C712C434E617}.Debug|x64.ActiveCfg = Debug|x64
		{D9349155-B03D-4666-918B-C712C434E617}.Debug|x64.Build.0 = Debug|x64
		{D9349155-B03D-4666-918B-C712C434E617}.Release|x64.ActiveCfg = Release|x64
		{D9349155-B03D-4666-918B-C712C434E617}.Release|x64.Build.0 = Release|x64
	EndGlobalSection
	GlobalSection(SolutionProperties) = preSolution
		HideSolutionNode = FALSE
	EndGlobalSection
	GlobalSection(ExtensibilityGlobals) = postSolution
		SolutionGuid = {DAD127F2-2A0C-42DC-AAA4-4C57D27D5F73}
	EndGlobalSection
EndGlobal
